
Microsoft Visual Studio Solution File, Format Version 12.00
# Visual Studio Version 17
VisualStudioVersion = 17.7.34221.43
MinimumVisualStudioVersion = 10.0.40219.1
Project("{FAE04EC0-301F-11D3-BF4B-00C04F79EFBC}") = "GMapMarkers", "GMapMarkers\GMapMarkers.csproj", "{D8C87A13-D6D0-4005-9226-3BF37727AAC4}"
EndProject
Global
	GlobalSection(SolutionConfigurationPlatforms) = preSolution
		Debug|Any CPU = Debug|Any CPU
		Release|Any CPU = Release|Any CPU
	EndGlobalSection
	GlobalSection(ProjectConfigurationPlatforms) = postSolution
		{D8C87A13-D6D0-4005-9226-3BF37727AAC4}.Debug|Any CPU.ActiveCfg = Debug|Any CPU
		{D8C87A13-D6D0-4005-9226-3BF37727AAC4}.Debug|Any CPU.Build.0 = Debug|Any CPU
		{D8C87A13-D6D0-4005-9226-3BF37727AAC4}.Release|Any CPU.ActiveCfg = Release|Any CPU
		{D8C87A13-D6D0-4005-9226-3BF37727AAC4}.Release|Any CPU.Build.0 = Release|Any CPU
	EndGlobalSection
	GlobalSection(SolutionProperties) = preSolution
		HideSolutionNode = FALSE
	EndGlobalSection
	GlobalSection(ExtensibilityGlobals) = postSolution
		SolutionGuid = {CBC51B1A-4958-4BA7-BC7F-60700F83DD93}
	EndGlobalSection
EndGlobal
